Microsoft Visual Studio Solution File, Format Version 12.00
# Visual Studio Version 17
VisualStudioVersion = 17.3.32825.248
MinimumVisualStudioVersion = 15.0.28307.852
Project("{9A19103F-16F7-4668-BE54-9A1E7A4F7556}") = "EdFi.Ods.Common", "EdFi.Ods.Common\EdFi.Ods.Common.csproj", "{8D7CB143-8818-47A8-89E8-702D485E8DA0}"
EndProject
Project("{9A19103F-16F7-4668-BE54-9A1E7A4F7556}") = "EdFi.Ods.Sandbox", "EdFi.Ods.Sandbox\EdFi.Ods.Sandbox.csproj", "{86BEC77A-1EEA-4570-8AF7-DAA4E7818353}"
EndProject
Project("{2150E333-8FDC-42A3-9474-1A3956D46DE8}") = "Tests", "Tests", "{F014EF5F-7ACE-48B8-BF62-DDBC9AD90630}"
EndProject
Project("{9A19103F-16F7-4668-BE54-9A1E7A4F7556}") = "Test.Common", "Test.Common\Test.Common.csproj", "{DF5439DF-3B96-4E6E-970A-F9AFED6BD482}"
EndProject
Project("{2150E333-8FDC-42A3-9474-1A3956D46DE8}") = "Helpers", "Helpers", "{DE7A9EA6-C3EE-4F6F-BEFB-3101E0D7DF5E}"
EndProject
Project("{9A19103F-16F7-4668-BE54-9A1E7A4F7556}") = "EdFi.Ods.Repositories.NHibernate.Tests", "EdFi.Ods.Repositories.NHibernate.Tests\EdFi.Ods.Repositories.NHibernate.Tests.csproj", "{41582719-A2D8-432E-9463-BD58BBD17676}"
EndProject
Project("{9A19103F-16F7-4668-BE54-9A1E7A4F7556}") = "EdFi.Ods.Api", "EdFi.Ods.Api\EdFi.Ods.Api.csproj", "{2A1D92BC-C388-425E-AEEE-0668BF472CCC}"
EndProject
Project("{9A19103F-16F7-4668-BE54-9A1E7A4F7556}") = "EdFi.Ods.Tests", "EdFi.Ods.Tests\EdFi.Ods.Tests.csproj", "{06D25DDA-12C5-4EFA-AB3D-FDF08AE7A432}"
EndProject
Project("{2150E333-8FDC-42A3-9474-1A3956D46DE8}") = "Integration", "Integration", "{3AD03A98-4A2C-42F1-997D-2468A0CCB77D}"
EndProject
Project("{2150E333-8FDC-42A3-9474-1A3956D46DE8}") = "Unit", "Unit", "{14352B5E-2434-4117-A063-2BBD4D87464D}"
EndProject
Project("{9A19103F-16F7-4668-BE54-9A1E7A4F7556}") = "EdFi.Ods.Profiles.Test", "EdFi.Ods.Profiles.Test\EdFi.Ods.Profiles.Test.csproj", "{E3FD8373-9915-4E06-BA2B-9DCEA0DAD6BC}"
EndProject
Project("{9A19103F-16F7-4668-BE54-9A1E7A4F7556}") = "EdFi.Ods.Composites.Enrollment", "EdFi.Ods.Composites.Enrollment\EdFi.Ods.Composites.Enrollment.csproj", "{BA9A0F5B-FD66-4914-B6A1-0EF09C99465F}"
	ProjectSection(ProjectDependencies) = postProject
		{3FA79048-ED88-42B9-8C32-4C51FD2AC312} = {3FA79048-ED88-42B9-8C32-4C51FD2AC312}
		{8D7CB143-8818-47A8-89E8-702D485E8DA0} = {8D7CB143-8818-47A8-89E8-702D485E8DA0}
	EndProjectSection
EndProject
Project("{9A19103F-16F7-4668-BE54-9A1E7A4F7556}") = "EdFi.Ods.Composites.Test", "EdFi.Ods.Composites.Test\EdFi.Ods.Composites.Test.csproj", "{8D60B22F-838D-44EC-9281-A088DBD53C91}"
	ProjectSection(ProjectDependencies) = postProject
		{3FA79048-ED88-42B9-8C32-4C51FD2AC312} = {3FA79048-ED88-42B9-8C32-4C51FD2AC312}
		{8D7CB143-8818-47A8-89E8-702D485E8DA0} = {8D7CB143-8818-47A8-89E8-702D485E8DA0}
	EndProjectSection
EndProject
Project("{9A19103F-16F7-4668-BE54-9A1E7A4F7556}") = "EdFi.Ods.Standard", "EdFi.Ods.Standard\EdFi.Ods.Standard.csproj", "{3FA79048-ED88-42B9-8C32-4C51FD2AC312}"
EndProject
Project("{2150E333-8FDC-42A3-9474-1A3956D46DE8}") = "Ed-Fi Standard", "Ed-Fi Standard", "{3FF80F38-E44A-4CE0-B274-793E3E9B7042}"
EndProject
Project("{2150E333-8FDC-42A3-9474-1A3956D46DE8}") = "Admin", "Admin", "{DC40CF8E-5A05-454E-8D56-6157F3A25C82}"
EndProject
Project("{2150E333-8FDC-42A3-9474-1A3956D46DE8}") = "Composites", "Composites", "{5A1504BF-181C-4948-B9A7-FAA57C88B087}"
EndProject
Project("{2150E333-8FDC-42A3-9474-1A3956D46DE8}") = "Entry Points", "Entry Points", "{26FBA24F-2F1E-47EA-BDE2-EF57AE81D65D}"
EndProject
Project("{2150E333-8FDC-42A3-9474-1A3956D46DE8}") = "Profiles", "Profiles", "{6B596494-5C35-4A04-93A8-13B21EBF9910}"
EndProject
Project("{2150E333-8FDC-42A3-9474-1A3956D46DE8}") = "Ed-Fi-Extensions", "Ed-Fi-Extensions", "{FB19CCCC-DDD6-4751-83FF-937C39CEAA31}"
EndProject
Project("{9A19103F-16F7-4668-BE54-9A1E7A4F7556}") = "EdFi.Ods.Tests.TestExtension", "EdFi.Ods.Tests.TestExtension\EdFi.Ods.Tests.TestExtension.csproj", "{26FF26B8-8A79-474C-BFAE-AA853248151C}"
EndProject
Project("{2150E333-8FDC-42A3-9474-1A3956D46DE8}") = "Ed-Fi Extensions", "Ed-Fi Extensions", "{F25ED154-FB97-4F39-933B-808D1B3B6D3E}"
EndProject
Project("{2150E333-8FDC-42A3-9474-1A3956D46DE8}") = "Features", "Features", "{E214F607-B637-4AF5-9A68-61CB86507E4A}"
EndProject
Project("{9A19103F-16F7-4668-BE54-9A1E7A4F7556}") = "EdFi.Ods.Features.OwnershipBasedAuthorization", "EdFi.Ods.Features.OwnershipBasedAuthorization\EdFi.Ods.Features.OwnershipBasedAuthorization.csproj", "{DFD89624-8424-4878-8DF4-3C7C449AF990}"
EndProject
Project("{9A19103F-16F7-4668-BE54-9A1E7A4F7556}") = "EdFi.Ods.Api.IntegrationTestHarness", "EdFi.Ods.Api.IntegrationTestHarness\EdFi.Ods.Api.IntegrationTestHarness.csproj", "{6371DB70-4AC7-48F3-AFE2-C87736FCEB9A}"
EndProject
Project("{9A19103F-16F7-4668-BE54-9A1E7A4F7556}") = "EdFi.Admin.DataAccess.UnitTests", "..\tests\EdFi.Admin.DataAccess.UnitTests\EdFi.Admin.DataAccess.UnitTests.csproj", "{42E7C6B0-4EFF-4AB6-8083-7AF7CBE2288F}"
EndProject
Project("{9A19103F-16F7-4668-BE54-9A1E7A4F7556}") = "EdFi.Security.DataAccess.UnitTests", "..\tests\EdFi.Security.DataAccess.UnitTests\EdFi.Security.DataAccess.UnitTests.csproj", "{5D29E54C-0788-42D3-AC34-F7E144975458}"
EndProject
Project("{9A19103F-16F7-4668-BE54-9A1E7A4F7556}") = "EdFi.Ods.Features", "EdFi.Ods.Features\EdFi.Ods.Features.csproj", "{64381013-0EDC-46D3-9E24-E5500DF00A2A}"
EndProject
Project("{9A19103F-16F7-4668-BE54-9A1E7A4F7556}") = "EdFi.TestFixture", "..\tests\EdFi.TestFixture\EdFi.TestFixture.csproj", "{81FE570F-FDA0-4184-8F26-D925423FDE57}"
EndProject
Project("{2150E333-8FDC-42A3-9474-1A3956D46DE8}") = "_ProjectInformation", "_ProjectInformation", "{AF062E8B-178C-4ABE-B9E8-214B1DD4EC3A}"
	ProjectSection(SolutionItems) = preProject
		..\CONTRIBUTORS.md = ..\CONTRIBUTORS.md
		..\NOTICES.md = ..\NOTICES.md
		..\README.md = ..\README.md
	EndProjectSection
EndProject
Project("{9A19103F-16F7-4668-BE54-9A1E7A4F7556}") = "EdFi.Common.UnitTests", "..\tests\EdFi.Common.UnitTests\EdFi.Common.UnitTests.csproj", "{37CB77F7-1C51-480C-B536-CDBF5DE26E10}"
EndProject
Project("{9A19103F-16F7-4668-BE54-9A1E7A4F7556}") = "EdFi.Ods.SwaggerUI", "EdFi.Ods.SwaggerUI\EdFi.Ods.SwaggerUI.csproj", "{11894549-6088-46EA-BBD9-52F254E70FDA}"
EndProject
Project("{9A19103F-16F7-4668-BE54-9A1E7A4F7556}") = "EdFi.Ods.SandboxAdmin", "EdFi.Ods.SandboxAdmin\EdFi.Ods.SandboxAdmin.csproj", "{D2E6E31D-FA21-4CF6-8C59-CF69BE4FDD50}"
EndProject
Project("{9A19103F-16F7-4668-BE54-9A1E7A4F7556}") = "EdFi.Ods.WebApi.IntegrationTests", "..\tests\EdFi.Ods.WebApi.IntegrationTests\EdFi.Ods.WebApi.IntegrationTests.csproj", "{CBD9894A-188C-46F6-AF0C-56514DE1E55D}"
EndProject
Project("{9A19103F-16F7-4668-BE54-9A1E7A4F7556}") = "EdFi.Ods.WebApi.CompositeSpecFlowTests", "..\tests\EdFi.Ods.WebApi.CompositeSpecFlowTests\EdFi.Ods.WebApi.CompositeSpecFlowTests.csproj", "{A7A3038A-B1B8-47EF-82A0-8EBD97BA020A}"
EndProject
Project("{9A19103F-16F7-4668-BE54-9A1E7A4F7556}") = "EdFi.Ods.WebApi", "EdFi.Ods.WebApi\EdFi.Ods.WebApi.csproj", "{538782E7-25DC-494D-902D-3EE2EC839DC6}"
EndProject
Project("{9A19103F-16F7-4668-BE54-9A1E7A4F7556}") = "EdFi.Ods.Api.IntegrationTests", "..\tests\EdFi.Ods.Api.IntegrationTests\EdFi.Ods.Api.IntegrationTests.csproj", "{3ED34C57-BFEF-4FA1-9497-28D7D611D1B9}"
EndProject
Project("{9A19103F-16F7-4668-BE54-9A1E7A4F7556}") = "EdFi.Ods.Features.UnitTests", "..\tests\EdFi.Ods.Features.UnitTests\EdFi.Ods.Features.UnitTests.csproj", "{CBEDAB3E-3182-41D6-9C87-D2B4B426FBC7}"
EndProject
Project("{2150E333-8FDC-42A3-9474-1A3956D46DE8}") = "Packages", "Packages", "{75DEFF48-FA3B-4461-A889-6C6C26362D3C}"
EndProject
Project("{9A19103F-16F7-4668-BE54-9A1E7A4F7556}") = "EdFi.Security.DataAccess", "EdFi.Security.DataAccess\EdFi.Security.DataAccess.csproj", "{BD4FEDA5-528C-4033-A35F-A6F03E83E3B7}"
EndProject
Project("{9A19103F-16F7-4668-BE54-9A1E7A4F7556}") = "EdFi.Common", "EdFi.Common\EdFi.Common.csproj", "{B29F1C5B-EA1D-4A3F-8965-1BF5003C78A3}"
EndProject
Project("{9A19103F-16F7-4668-BE54-9A1E7A4F7556}") = "EdFi.Admin.DataAccess", "EdFi.Admin.DataAccess\EdFi.Admin.DataAccess.csproj", "{58CC50F2-2768-43C1-844C-7BA9DC6E16FE}"
EndProject
Project("{9A19103F-16F7-4668-BE54-9A1E7A4F7556}") = "EdFi.Ods.Features.IdentityManagement", "EdFi.Ods.Features.IdentityManagement\EdFi.Ods.Features.IdentityManagement.csproj", "{2CE388E3-98D7-48C1-94CB-BB0392B9267F}"
EndProject
Project("{FAE04EC0-301F-11D3-BF4B-00C04F79EFBC}") = "EdFi.Ods.SandboxAdmin.Services", "EdFi.Ods.SandboxAdmin.Services\EdFi.Ods.SandboxAdmin.Services.csproj", "{01815E05-73FB-4AF0-BB6C-B5F8F69756B7}"
EndProject
Project("{FAE04EC0-301F-11D3-BF4B-00C04F79EFBC}") = "EdFi.Admin.DataAccess.IntegrationTests", "..\tests\EdFi.Admin.DataAccess.IntegrationTests\EdFi.Admin.DataAccess.IntegrationTests.csproj", "{CD96F0B8-C57D-4533-87D6-27C3E55AF8F0}"
EndProject
Project("{FAE04EC0-301F-11D3-BF4B-00C04F79EFBC}") = "EdFi.Security.DataAccess.IntegrationTests", "..\tests\EdFi.Security.DataAccess.IntegrationTests\EdFi.Security.DataAccess.IntegrationTests.csproj", "{CE4C9C15-EA14-4A1E-8B8C-09A60C71D3A0}"
EndProject
Global
	GlobalSection(SolutionConfigurationPlatforms) = preSolution
		Debug|Any CPU = Debug|Any CPU
		Release|Any CPU = Release|Any CPU
	EndGlobalSection
	GlobalSection(ProjectConfigurationPlatforms) = postSolution
		{8D7CB143-8818-47A8-89E8-702D485E8DA0}.Debug|Any CPU.ActiveCfg = Debug|Any CPU
		{8D7CB143-8818-47A8-89E8-702D485E8DA0}.Debug|Any CPU.Build.0 = Debug|Any CPU
		{8D7CB143-8818-47A8-89E8-702D485E8DA0}.Release|Any CPU.ActiveCfg = Release|Any CPU
		{8D7CB143-8818-47A8-89E8-702D485E8DA0}.Release|Any CPU.Build.0 = Release|Any CPU
		{86BEC77A-1EEA-4570-8AF7-DAA4E7818353}.Debug|Any CPU.ActiveCfg = Debug|Any CPU
		{86BEC77A-1EEA-4570-8AF7-DAA4E7818353}.Debug|Any CPU.Build.0 = Debug|Any CPU
		{86BEC77A-1EEA-4570-8AF7-DAA4E7818353}.Release|Any CPU.ActiveCfg = Release|Any CPU
		{86BEC77A-1EEA-4570-8AF7-DAA4E7818353}.Release|Any CPU.Build.0 = Release|Any CPU
		{DF5439DF-3B96-4E6E-970A-F9AFED6BD482}.Debug|Any CPU.ActiveCfg = Debug|Any CPU
		{DF5439DF-3B96-4E6E-970A-F9AFED6BD482}.Debug|Any CPU.Build.0 = Debug|Any CPU
		{DF5439DF-3B96-4E6E-970A-F9AFED6BD482}.Release|Any CPU.ActiveCfg = Release|Any CPU
		{DF5439DF-3B96-4E6E-970A-F9AFED6BD482}.Release|Any CPU.Build.0 = Release|Any CPU
		{41582719-A2D8-432E-9463-BD58BBD17676}.Debug|Any CPU.ActiveCfg = Debug|Any CPU
		{41582719-A2D8-432E-9463-BD58BBD17676}.Debug|Any CPU.Build.0 = Debug|Any CPU
		{41582719-A2D8-432E-9463-BD58BBD17676}.Release|Any CPU.ActiveCfg = Release|Any CPU
		{41582719-A2D8-432E-9463-BD58BBD17676}.Release|Any CPU.Build.0 = Release|Any CPU
		{2A1D92BC-C388-425E-AEEE-0668BF472CCC}.Debug|Any CPU.ActiveCfg = Debug|Any CPU
		{2A1D92BC-C388-425E-AEEE-0668BF472CCC}.Debug|Any CPU.Build.0 = Debug|Any CPU
		{2A1D92BC-C388-425E-AEEE-0668BF472CCC}.Release|Any CPU.ActiveCfg = Release|Any CPU
		{2A1D92BC-C388-425E-AEEE-0668BF472CCC}.Release|Any CPU.Build.0 = Release|Any CPU
		{06D25DDA-12C5-4EFA-AB3D-FDF08AE7A432}.Debug|Any CPU.ActiveCfg = Debug|Any CPU
		{06D25DDA-12C5-4EFA-AB3D-FDF08AE7A432}.Debug|Any CPU.Build.0 = Debug|Any CPU
		{06D25DDA-12C5-4EFA-AB3D-FDF08AE7A432}.Release|Any CPU.ActiveCfg = Release|Any CPU
		{06D25DDA-12C5-4EFA-AB3D-FDF08AE7A432}.Release|Any CPU.Build.0 = Release|Any CPU
		{E3FD8373-9915-4E06-BA2B-9DCEA0DAD6BC}.Debug|Any CPU.ActiveCfg = Debug|Any CPU
		{E3FD8373-9915-4E06-BA2B-9DCEA0DAD6BC}.Debug|Any CPU.Build.0 = Debug|Any CPU
		{E3FD8373-9915-4E06-BA2B-9DCEA0DAD6BC}.Release|Any CPU.ActiveCfg = Release|Any CPU
		{E3FD8373-9915-4E06-BA2B-9DCEA0DAD6BC}.Release|Any CPU.Build.0 = Release|Any CPU
		{BA9A0F5B-FD66-4914-B6A1-0EF09C99465F}.Debug|Any CPU.ActiveCfg = Debug|Any CPU
		{BA9A0F5B-FD66-4914-B6A1-0EF09C99465F}.Debug|Any CPU.Build.0 = Debug|Any CPU
		{BA9A0F5B-FD66-4914-B6A1-0EF09C99465F}.Release|Any CPU.ActiveCfg = Release|Any CPU
		{BA9A0F5B-FD66-4914-B6A1-0EF09C99465F}.Release|Any CPU.Build.0 = Release|Any CPU
		{8D60B22F-838D-44EC-9281-A088DBD53C91}.Debug|Any CPU.ActiveCfg = Debug|Any CPU
		{8D60B22F-838D-44EC-9281-A088DBD53C91}.Debug|Any CPU.Build.0 = Debug|Any CPU
		{8D60B22F-838D-44EC-9281-A088DBD53C91}.Release|Any CPU.ActiveCfg = Release|Any CPU
		{8D60B22F-838D-44EC-9281-A088DBD53C91}.Release|Any CPU.Build.0 = Release|Any CPU
		{3FA79048-ED88-42B9-8C32-4C51FD2AC312}.Debug|Any CPU.ActiveCfg = Debug|Any CPU
		{3FA79048-ED88-42B9-8C32-4C51FD2AC312}.Debug|Any CPU.Build.0 = Debug|Any CPU
		{3FA79048-ED88-42B9-8C32-4C51FD2AC312}.Release|Any CPU.ActiveCfg = Release|Any CPU
		{3FA79048-ED88-42B9-8C32-4C51FD2AC312}.Release|Any CPU.Build.0 = Release|Any CPU
		{26FF26B8-8A79-474C-BFAE-AA853248151C}.Debug|Any CPU.ActiveCfg = Debug|Any CPU
		{26FF26B8-8A79-474C-BFAE-AA853248151C}.Debug|Any CPU.Build.0 = Debug|Any CPU
		{26FF26B8-8A79-474C-BFAE-AA853248151C}.Release|Any CPU.ActiveCfg = Release|Any CPU
		{26FF26B8-8A79-474C-BFAE-AA853248151C}.Release|Any CPU.Build.0 = Release|Any CPU
		{DFD89624-8424-4878-8DF4-3C7C449AF990}.Debug|Any CPU.ActiveCfg = Debug|Any CPU
		{DFD89624-8424-4878-8DF4-3C7C449AF990}.Debug|Any CPU.Build.0 = Debug|Any CPU
		{DFD89624-8424-4878-8DF4-3C7C449AF990}.Release|Any CPU.ActiveCfg = Release|Any CPU
		{DFD89624-8424-4878-8DF4-3C7C449AF990}.Release|Any CPU.Build.0 = Release|Any CPU
		{6371DB70-4AC7-48F3-AFE2-C87736FCEB9A}.Debug|Any CPU.ActiveCfg = Debug|Any CPU
		{6371DB70-4AC7-48F3-AFE2-C87736FCEB9A}.Debug|Any CPU.Build.0 = Debug|Any CPU
		{6371DB70-4AC7-48F3-AFE2-C87736FCEB9A}.Release|Any CPU.ActiveCfg = Release|Any CPU
		{6371DB70-4AC7-48F3-AFE2-C87736FCEB9A}.Release|Any CPU.Build.0 = Release|Any CPU
		{42E7C6B0-4EFF-4AB6-8083-7AF7CBE2288F}.Debug|Any CPU.ActiveCfg = Debug|Any CPU
		{42E7C6B0-4EFF-4AB6-8083-7AF7CBE2288F}.Debug|Any CPU.Build.0 = Debug|Any CPU
		{42E7C6B0-4EFF-4AB6-8083-7AF7CBE2288F}.Release|Any CPU.ActiveCfg = Release|Any CPU
		{42E7C6B0-4EFF-4AB6-8083-7AF7CBE2288F}.Release|Any CPU.Build.0 = Release|Any CPU
		{5D29E54C-0788-42D3-AC34-F7E144975458}.Debug|Any CPU.ActiveCfg = Debug|Any CPU
		{5D29E54C-0788-42D3-AC34-F7E144975458}.Debug|Any CPU.Build.0 = Debug|Any CPU
		{5D29E54C-0788-42D3-AC34-F7E144975458}.Release|Any CPU.ActiveCfg = Release|Any CPU
		{5D29E54C-0788-42D3-AC34-F7E144975458}.Release|Any CPU.Build.0 = Release|Any CPU
		{64381013-0EDC-46D3-9E24-E5500DF00A2A}.Debug|Any CPU.ActiveCfg = Debug|Any CPU
		{64381013-0EDC-46D3-9E24-E5500DF00A2A}.Debug|Any CPU.Build.0 = Debug|Any CPU
		{64381013-0EDC-46D3-9E24-E5500DF00A2A}.Release|Any CPU.ActiveCfg = Release|Any CPU
		{64381013-0EDC-46D3-9E24-E5500DF00A2A}.Release|Any CPU.Build.0 = Release|Any CPU
		{81FE570F-FDA0-4184-8F26-D925423FDE57}.Debug|Any CPU.ActiveCfg = Debug|Any CPU
		{81FE570F-FDA0-4184-8F26-D925423FDE57}.Debug|Any CPU.Build.0 = Debug|Any CPU
		{81FE570F-FDA0-4184-8F26-D925423FDE57}.Release|Any CPU.ActiveCfg = Release|Any CPU
		{81FE570F-FDA0-4184-8F26-D925423FDE57}.Release|Any CPU.Build.0 = Release|Any CPU
		{37CB77F7-1C51-480C-B536-CDBF5DE26E10}.Debug|Any CPU.ActiveCfg = Debug|Any CPU
		{37CB77F7-1C51-480C-B536-CDBF5DE26E10}.Debug|Any CPU.Build.0 = Debug|Any CPU
		{37CB77F7-1C51-480C-B536-CDBF5DE26E10}.Release|Any CPU.ActiveCfg = Release|Any CPU
		{37CB77F7-1C51-480C-B536-CDBF5DE26E10}.Release|Any CPU.Build.0 = Release|Any CPU
		{11894549-6088-46EA-BBD9-52F254E70FDA}.Debug|Any CPU.ActiveCfg = Debug|Any CPU
		{11894549-6088-46EA-BBD9-52F254E70FDA}.Debug|Any CPU.Build.0 = Debug|Any CPU
		{11894549-6088-46EA-BBD9-52F254E70FDA}.Release|Any CPU.ActiveCfg = Release|Any CPU
		{11894549-6088-46EA-BBD9-52F254E70FDA}.Release|Any CPU.Build.0 = Release|Any CPU
		{D2E6E31D-FA21-4CF6-8C59-CF69BE4FDD50}.Debug|Any CPU.ActiveCfg = Debug|Any CPU
		{D2E6E31D-FA21-4CF6-8C59-CF69BE4FDD50}.Debug|Any CPU.Build.0 = Debug|Any CPU
		{D2E6E31D-FA21-4CF6-8C59-CF69BE4FDD50}.Release|Any CPU.ActiveCfg = Release|Any CPU
		{D2E6E31D-FA21-4CF6-8C59-CF69BE4FDD50}.Release|Any CPU.Build.0 = Release|Any CPU
		{CBD9894A-188C-46F6-AF0C-56514DE1E55D}.Debug|Any CPU.ActiveCfg = Debug|Any CPU
		{CBD9894A-188C-46F6-AF0C-56514DE1E55D}.Debug|Any CPU.Build.0 = Debug|Any CPU
		{CBD9894A-188C-46F6-AF0C-56514DE1E55D}.Release|Any CPU.ActiveCfg = Release|Any CPU
		{CBD9894A-188C-46F6-AF0C-56514DE1E55D}.Release|Any CPU.Build.0 = Release|Any CPU
		{A7A3038A-B1B8-47EF-82A0-8EBD97BA020A}.Debug|Any CPU.ActiveCfg = Debug|Any CPU
		{A7A3038A-B1B8-47EF-82A0-8EBD97BA020A}.Debug|Any CPU.Build.0 = Debug|Any CPU
		{A7A3038A-B1B8-47EF-82A0-8EBD97BA020A}.Release|Any CPU.ActiveCfg = Release|Any CPU
		{A7A3038A-B1B8-47EF-82A0-8EBD97BA020A}.Release|Any CPU.Build.0 = Release|Any CPU
		{538782E7-25DC-494D-902D-3EE2EC839DC6}.Debug|Any CPU.ActiveCfg = Debug|Any CPU
		{538782E7-25DC-494D-902D-3EE2EC839DC6}.Debug|Any CPU.Build.0 = Debug|Any CPU
		{538782E7-25DC-494D-902D-3EE2EC839DC6}.Release|Any CPU.ActiveCfg = Release|Any CPU
		{538782E7-25DC-494D-902D-3EE2EC839DC6}.Release|Any CPU.Build.0 = Release|Any CPU
		{3ED34C57-BFEF-4FA1-9497-28D7D611D1B9}.Debug|Any CPU.ActiveCfg = Debug|Any CPU
		{3ED34C57-BFEF-4FA1-9497-28D7D611D1B9}.Debug|Any CPU.Build.0 = Debug|Any CPU
		{3ED34C57-BFEF-4FA1-9497-28D7D611D1B9}.Release|Any CPU.ActiveCfg = Release|Any CPU
		{3ED34C57-BFEF-4FA1-9497-28D7D611D1B9}.Release|Any CPU.Build.0 = Release|Any CPU
		{CBEDAB3E-3182-41D6-9C87-D2B4B426FBC7}.Debug|Any CPU.ActiveCfg = Debug|Any CPU
		{CBEDAB3E-3182-41D6-9C87-D2B4B426FBC7}.Debug|Any CPU.Build.0 = Debug|Any CPU
		{CBEDAB3E-3182-41D6-9C87-D2B4B426FBC7}.Release|Any CPU.ActiveCfg = Release|Any CPU
		{CBEDAB3E-3182-41D6-9C87-D2B4B426FBC7}.Release|Any CPU.Build.0 = Release|Any CPU
		{BD4FEDA5-528C-4033-A35F-A6F03E83E3B7}.Debug|Any CPU.ActiveCfg = Debug|Any CPU
		{BD4FEDA5-528C-4033-A35F-A6F03E83E3B7}.Debug|Any CPU.Build.0 = Debug|Any CPU
		{BD4FEDA5-528C-4033-A35F-A6F03E83E3B7}.Release|Any CPU.ActiveCfg = Release|Any CPU
		{BD4FEDA5-528C-4033-A35F-A6F03E83E3B7}.Release|Any CPU.Build.0 = Release|Any CPU
		{B29F1C5B-EA1D-4A3F-8965-1BF5003C78A3}.Debug|Any CPU.ActiveCfg = Debug|Any CPU
		{B29F1C5B-EA1D-4A3F-8965-1BF5003C78A3}.Debug|Any CPU.Build.0 = Debug|Any CPU
		{B29F1C5B-EA1D-4A3F-8965-1BF5003C78A3}.Release|Any CPU.ActiveCfg = Release|Any CPU
		{B29F1C5B-EA1D-4A3F-8965-1BF5003C78A3}.Release|Any CPU.Build.0 = Release|Any CPU
		{58CC50F2-2768-43C1-844C-7BA9DC6E16FE}.Debug|Any CPU.ActiveCfg = Debug|Any CPU
		{58CC50F2-2768-43C1-844C-7BA9DC6E16FE}.Debug|Any CPU.Build.0 = Debug|Any CPU
		{58CC50F2-2768-43C1-844C-7BA9DC6E16FE}.Release|Any CPU.ActiveCfg = Release|Any CPU
		{58CC50F2-2768-43C1-844C-7BA9DC6E16FE}.Release|Any CPU.Build.0 = Release|Any CPU
		{2CE388E3-98D7-48C1-94CB-BB0392B9267F}.Debug|Any CPU.ActiveCfg = Debug|Any CPU
		{2CE388E3-98D7-48C1-94CB-BB0392B9267F}.Debug|Any CPU.Build.0 = Debug|Any CPU
		{2CE388E3-98D7-48C1-94CB-BB0392B9267F}.Release|Any CPU.ActiveCfg = Release|Any CPU
		{2CE388E3-98D7-48C1-94CB-BB0392B9267F}.Release|Any CPU.Build.0 = Release|Any CPU
		{01815E05-73FB-4AF0-BB6C-B5F8F69756B7}.Debug|Any CPU.ActiveCfg = Debug|Any CPU
		{01815E05-73FB-4AF0-BB6C-B5F8F69756B7}.Debug|Any CPU.Build.0 = Debug|Any CPU
		{01815E05-73FB-4AF0-BB6C-B5F8F69756B7}.Release|Any CPU.ActiveCfg = Release|Any CPU
		{01815E05-73FB-4AF0-BB6C-B5F8F69756B7}.Release|Any CPU.Build.0 = Release|Any CPU
		{CD96F0B8-C57D-4533-87D6-27C3E55AF8F0}.Debug|Any CPU.ActiveCfg = Debug|Any CPU
		{CD96F0B8-C57D-4533-87D6-27C3E55AF8F0}.Debug|Any CPU.Build.0 = Debug|Any CPU
		{CD96F0B8-C57D-4533-87D6-27C3E55AF8F0}.Release|Any CPU.ActiveCfg = Release|Any CPU
		{CD96F0B8-C57D-4533-87D6-27C3E55AF8F0}.Release|Any CPU.Build.0 = Release|Any CPU
		{CE4C9C15-EA14-4A1E-8B8C-09A60C71D3A0}.Debug|Any CPU.ActiveCfg = Debug|Any CPU
		{CE4C9C15-EA14-4A1E-8B8C-09A60C71D3A0}.Debug|Any CPU.Build.0 = Debug|Any CPU
		{CE4C9C15-EA14-4A1E-8B8C-09A60C71D3A0}.Release|Any CPU.ActiveCfg = Release|Any CPU
		{CE4C9C15-EA14-4A1E-8B8C-09A60C71D3A0}.Release|Any CPU.Build.0 = Release|Any CPU
	EndGlobalSection
	GlobalSection(SolutionProperties) = preSolution
		HideSolutionNode = FALSE
	EndGlobalSection
	GlobalSection(NestedProjects) = preSolution
		{86BEC77A-1EEA-4570-8AF7-DAA4E7818353} = {DC40CF8E-5A05-454E-8D56-6157F3A25C82}
		{DF5439DF-3B96-4E6E-970A-F9AFED6BD482} = {DE7A9EA6-C3EE-4F6F-BEFB-3101E0D7DF5E}
		{DE7A9EA6-C3EE-4F6F-BEFB-3101E0D7DF5E} = {F014EF5F-7ACE-48B8-BF62-DDBC9AD90630}
		{41582719-A2D8-432E-9463-BD58BBD17676} = {3AD03A98-4A2C-42F1-997D-2468A0CCB77D}
		{06D25DDA-12C5-4EFA-AB3D-FDF08AE7A432} = {14352B5E-2434-4117-A063-2BBD4D87464D}
		{3AD03A98-4A2C-42F1-997D-2468A0CCB77D} = {F014EF5F-7ACE-48B8-BF62-DDBC9AD90630}
		{14352B5E-2434-4117-A063-2BBD4D87464D} = {F014EF5F-7ACE-48B8-BF62-DDBC9AD90630}
		{E3FD8373-9915-4E06-BA2B-9DCEA0DAD6BC} = {6B596494-5C35-4A04-93A8-13B21EBF9910}
		{BA9A0F5B-FD66-4914-B6A1-0EF09C99465F} = {5A1504BF-181C-4948-B9A7-FAA57C88B087}
		{8D60B22F-838D-44EC-9281-A088DBD53C91} = {5A1504BF-181C-4948-B9A7-FAA57C88B087}
		{3FA79048-ED88-42B9-8C32-4C51FD2AC312} = {3FF80F38-E44A-4CE0-B274-793E3E9B7042}
		{FB19CCCC-DDD6-4751-83FF-937C39CEAA31} = {F014EF5F-7ACE-48B8-BF62-DDBC9AD90630}
		{26FF26B8-8A79-474C-BFAE-AA853248151C} = {FB19CCCC-DDD6-4751-83FF-937C39CEAA31}
		{DFD89624-8424-4878-8DF4-3C7C449AF990} = {E214F607-B637-4AF5-9A68-61CB86507E4A}
		{6371DB70-4AC7-48F3-AFE2-C87736FCEB9A} = {3AD03A98-4A2C-42F1-997D-2468A0CCB77D}
		{42E7C6B0-4EFF-4AB6-8083-7AF7CBE2288F} = {14352B5E-2434-4117-A063-2BBD4D87464D}
		{5D29E54C-0788-42D3-AC34-F7E144975458} = {14352B5E-2434-4117-A063-2BBD4D87464D}
		{64381013-0EDC-46D3-9E24-E5500DF00A2A} = {E214F607-B637-4AF5-9A68-61CB86507E4A}
		{81FE570F-FDA0-4184-8F26-D925423FDE57} = {DE7A9EA6-C3EE-4F6F-BEFB-3101E0D7DF5E}
		{37CB77F7-1C51-480C-B536-CDBF5DE26E10} = {14352B5E-2434-4117-A063-2BBD4D87464D}
		{11894549-6088-46EA-BBD9-52F254E70FDA} = {26FBA24F-2F1E-47EA-BDE2-EF57AE81D65D}
		{D2E6E31D-FA21-4CF6-8C59-CF69BE4FDD50} = {26FBA24F-2F1E-47EA-BDE2-EF57AE81D65D}
		{CBD9894A-188C-46F6-AF0C-56514DE1E55D} = {3AD03A98-4A2C-42F1-997D-2468A0CCB77D}
		{A7A3038A-B1B8-47EF-82A0-8EBD97BA020A} = {3AD03A98-4A2C-42F1-997D-2468A0CCB77D}
		{538782E7-25DC-494D-902D-3EE2EC839DC6} = {26FBA24F-2F1E-47EA-BDE2-EF57AE81D65D}
		{3ED34C57-BFEF-4FA1-9497-28D7D611D1B9} = {3AD03A98-4A2C-42F1-997D-2468A0CCB77D}
		{CBEDAB3E-3182-41D6-9C87-D2B4B426FBC7} = {14352B5E-2434-4117-A063-2BBD4D87464D}
		{BD4FEDA5-528C-4033-A35F-A6F03E83E3B7} = {75DEFF48-FA3B-4461-A889-6C6C26362D3C}
		{B29F1C5B-EA1D-4A3F-8965-1BF5003C78A3} = {75DEFF48-FA3B-4461-A889-6C6C26362D3C}
		{58CC50F2-2768-43C1-844C-7BA9DC6E16FE} = {75DEFF48-FA3B-4461-A889-6C6C26362D3C}
		{2CE388E3-98D7-48C1-94CB-BB0392B9267F} = {E214F607-B637-4AF5-9A68-61CB86507E4A}
		{01815E05-73FB-4AF0-BB6C-B5F8F69756B7} = {DC40CF8E-5A05-454E-8D56-6157F3A25C82}
		{CD96F0B8-C57D-4533-87D6-27C3E55AF8F0} = {3AD03A98-4A2C-42F1-997D-2468A0CCB77D}
		{CE4C9C15-EA14-4A1E-8B8C-09A60C71D3A0} = {3AD03A98-4A2C-42F1-997D-2468A0CCB77D}
	EndGlobalSection
	GlobalSection(ExtensibilityGlobals) = postSolution
		SolutionGuid = {91F27EA2-CFF0-4054-A019-B8AA23AF9319}
	EndGlobalSection
EndGlobal
