
Microsoft Visual Studio Solution File, Format Version 12.00
# Visual Studio Version 16
VisualStudioVersion = 16.0.30114.105
MinimumVisualStudioVersion = 10.0.40219.1
Project("{FAE04EC0-301F-11D3-BF4B-00C04F79EFBC}") = "EdFi.Ods.Generator", "EdFi.Ods.Generator\EdFi.Ods.Generator.csproj", "{CB8A8F76-A6F2-436F-A7B9-62D8873A2A01}"
EndProject
Project("{FAE04EC0-301F-11D3-BF4B-00C04F79EFBC}") = "Nde.Adviser.Lds.SqlGeneration", "Nde.Adviser.Lds.SqlGeneration\Nde.Adviser.Lds.SqlGeneration.csproj", "{2F9EE4C0-AD11-44B0-90CD-E21668450D08}"
EndProject
Project("{FAE04EC0-301F-11D3-BF4B-00C04F79EFBC}") = "EdFi.Ods.Common", "..\..\Application\EdFi.Ods.Common\EdFi.Ods.Common.csproj", "{3F50E96B-2F22-4E02-9D3C-CFF4F5727B7F}"
EndProject
Global
	GlobalSection(SolutionConfigurationPlatforms) = preSolution
		Debug|Any CPU = Debug|Any CPU
		Debug|x64 = Debug|x64
		Debug|x86 = Debug|x86
		Release|Any CPU = Release|Any CPU
		Release|x64 = Release|x64
		Release|x86 = Release|x86
	EndGlobalSection
	GlobalSection(SolutionProperties) = preSolution
		HideSolutionNode = FALSE
	EndGlobalSection
	GlobalSection(ProjectConfigurationPlatforms) = postSolution
		{CB8A8F76-A6F2-436F-A7B9-62D8873A2A01}.Debug|Any CPU.ActiveCfg = Debug|Any CPU
		{CB8A8F76-A6F2-436F-A7B9-62D8873A2A01}.Debug|Any CPU.Build.0 = Debug|Any CPU
		{CB8A8F76-A6F2-436F-A7B9-62D8873A2A01}.Debug|x64.ActiveCfg = Debug|Any CPU
		{CB8A8F76-A6F2-436F-A7B9-62D8873A2A01}.Debug|x64.Build.0 = Debug|Any CPU
		{CB8A8F76-A6F2-436F-A7B9-62D8873A2A01}.Debug|x86.ActiveCfg = Debug|Any CPU
		{CB8A8F76-A6F2-436F-A7B9-62D8873A2A01}.Debug|x86.Build.0 = Debug|Any CPU
		{CB8A8F76-A6F2-436F-A7B9-62D8873A2A01}.Release|Any CPU.ActiveCfg = Release|Any CPU
		{CB8A8F76-A6F2-436F-A7B9-62D8873A2A01}.Release|Any CPU.Build.0 = Release|Any CPU
		{CB8A8F76-A6F2-436F-A7B9-62D8873A2A01}.Release|x64.ActiveCfg = Release|Any CPU
		{CB8A8F76-A6F2-436F-A7B9-62D8873A2A01}.Release|x64.Build.0 = Release|Any CPU
		{CB8A8F76-A6F2-436F-A7B9-62D8873A2A01}.Release|x86.ActiveCfg = Release|Any CPU
		{CB8A8F76-A6F2-436F-A7B9-62D8873A2A01}.Release|x86.Build.0 = Release|Any CPU
		{2F9EE4C0-AD11-44B0-90CD-E21668450D08}.Debug|Any CPU.ActiveCfg = Debug|Any CPU
		{2F9EE4C0-AD11-44B0-90CD-E21668450D08}.Debug|Any CPU.Build.0 = Debug|Any CPU
		{2F9EE4C0-AD11-44B0-90CD-E21668450D08}.Debug|x64.ActiveCfg = Debug|Any CPU
		{2F9EE4C0-AD11-44B0-90CD-E21668450D08}.Debug|x64.Build.0 = Debug|Any CPU
		{2F9EE4C0-AD11-44B0-90CD-E21668450D08}.Debug|x86.ActiveCfg = Debug|Any CPU
		{2F9EE4C0-AD11-44B0-90CD-E21668450D08}.Debug|x86.Build.0 = Debug|Any CPU
		{2F9EE4C0-AD11-44B0-90CD-E21668450D08}.Release|Any CPU.ActiveCfg = Release|Any CPU
		{2F9EE4C0-AD11-44B0-90CD-E21668450D08}.Release|Any CPU.Build.0 = Release|Any CPU
		{2F9EE4C0-AD11-44B0-90CD-E21668450D08}.Release|x64.ActiveCfg = Release|Any CPU
		{2F9EE4C0-AD11-44B0-90CD-E21668450D08}.Release|x64.Build.0 = Release|Any CPU
		{2F9EE4C0-AD11-44B0-90CD-E21668450D08}.Release|x86.ActiveCfg = Release|Any CPU
		{2F9EE4C0-AD11-44B0-90CD-E21668450D08}.Release|x86.Build.0 = Release|Any CPU
		{3F50E96B-2F22-4E02-9D3C-CFF4F5727B7F}.Debug|Any CPU.ActiveCfg = Debug|Any CPU
		{3F50E96B-2F22-4E02-9D3C-CFF4F5727B7F}.Debug|Any CPU.Build.0 = Debug|Any CPU
		{3F50E96B-2F22-4E02-9D3C-CFF4F5727B7F}.Debug|x64.ActiveCfg = Debug|Any CPU
		{3F50E96B-2F22-4E02-9D3C-CFF4F5727B7F}.Debug|x64.Build.0 = Debug|Any CPU
		{3F50E96B-2F22-4E02-9D3C-CFF4F5727B7F}.Debug|x86.ActiveCfg = Debug|Any CPU
		{3F50E96B-2F22-4E02-9D3C-CFF4F5727B7F}.Debug|x86.Build.0 = Debug|Any CPU
		{3F50E96B-2F22-4E02-9D3C-CFF4F5727B7F}.Release|Any CPU.ActiveCfg = Release|Any CPU
		{3F50E96B-2F22-4E02-9D3C-CFF4F5727B7F}.Release|Any CPU.Build.0 = Release|Any CPU
		{3F50E96B-2F22-4E02-9D3C-CFF4F5727B7F}.Release|x64.ActiveCfg = Release|Any CPU
		{3F50E96B-2F22-4E02-9D3C-CFF4F5727B7F}.Release|x64.Build.0 = Release|Any CPU
		{3F50E96B-2F22-4E02-9D3C-CFF4F5727B7F}.Release|x86.ActiveCfg = Release|Any CPU
		{3F50E96B-2F22-4E02-9D3C-CFF4F5727B7F}.Release|x86.Build.0 = Release|Any CPU
	EndGlobalSection
EndGlobal
