
Microsoft Visual Studio Solution File, Format Version 12.00
# Visual Studio 15
VisualStudioVersion = 15.0.28307.960
MinimumVisualStudioVersion = 10.0.40219.1
Project("{9A19103F-16F7-4668-BE54-9A1E7A4F7556}") = "EdFi.Admin.DataAccess", "EdFi.Admin.DataAccess.csproj", "{D2A9D9A2-A4DB-4E65-82C3-C7E9F6DBA1E2}"
EndProject
Project("{9A19103F-16F7-4668-BE54-9A1E7A4F7556}") = "EdFi.Admin.DataAccess.UnitTests", "..\..\tests\EdFi.Admin.DataAccess.UnitTests\EdFi.Admin.DataAccess.UnitTests.csproj", "{7BEC38BB-C538-40C8-83BA-C45CE192A088}"
EndProject
Project("{9A19103F-16F7-4668-BE54-9A1E7A4F7556}") = "EdFi.Common", "..\EdFi.Common\EdFi.Common.csproj", "{92A9A0CD-0AE6-433D-9673-EB88E52D88C4}"
EndProject
Global
	GlobalSection(SolutionConfigurationPlatforms) = preSolution
		Debug|Any CPU = Debug|Any CPU
		Release|Any CPU = Release|Any CPU
	EndGlobalSection
	GlobalSection(ProjectConfigurationPlatforms) = postSolution
		{D2A9D9A2-A4DB-4E65-82C3-C7E9F6DBA1E2}.Debug|Any CPU.ActiveCfg = Debug|Any CPU
		{D2A9D9A2-A4DB-4E65-82C3-C7E9F6DBA1E2}.Debug|Any CPU.Build.0 = Debug|Any CPU
		{D2A9D9A2-A4DB-4E65-82C3-C7E9F6DBA1E2}.Release|Any CPU.ActiveCfg = Release|Any CPU
		{D2A9D9A2-A4DB-4E65-82C3-C7E9F6DBA1E2}.Release|Any CPU.Build.0 = Release|Any CPU
		{7BEC38BB-C538-40C8-83BA-C45CE192A088}.Debug|Any CPU.ActiveCfg = Debug|Any CPU
		{7BEC38BB-C538-40C8-83BA-C45CE192A088}.Debug|Any CPU.Build.0 = Debug|Any CPU
		{7BEC38BB-C538-40C8-83BA-C45CE192A088}.Release|Any CPU.ActiveCfg = Release|Any CPU
		{7BEC38BB-C538-40C8-83BA-C45CE192A088}.Release|Any CPU.Build.0 = Release|Any CPU
		{92A9A0CD-0AE6-433D-9673-EB88E52D88C4}.Debug|Any CPU.ActiveCfg = Debug|Any CPU
		{92A9A0CD-0AE6-433D-9673-EB88E52D88C4}.Debug|Any CPU.Build.0 = Debug|Any CPU
		{92A9A0CD-0AE6-433D-9673-EB88E52D88C4}.Release|Any CPU.ActiveCfg = Release|Any CPU
		{92A9A0CD-0AE6-433D-9673-EB88E52D88C4}.Release|Any CPU.Build.0 = Release|Any CPU
	EndGlobalSection
	GlobalSection(SolutionProperties) = preSolution
		HideSolutionNode = FALSE
	EndGlobalSection
	GlobalSection(ExtensibilityGlobals) = postSolution
		SolutionGuid = {E7C6FBAA-92CE-4FEB-BFCC-F547FF6D40FD}
	EndGlobalSection
EndGlobal
