
Microsoft Visual Studio Solution File, Format Version 12.00
# Visual Studio Version 17
VisualStudioVersion = 17.8.34330.188
MinimumVisualStudioVersion = 10.0.40219.1
Project("{9A19103F-16F7-4668-BE54-9A1E7A4F7556}") = "EdFi.Admin.DataAccess", "EdFi.Admin.DataAccess.csproj", "{D2A9D9A2-A4DB-4E65-82C3-C7E9F6DBA1E2}"
EndProject
Project("{9A19103F-16F7-4668-BE54-9A1E7A4F7556}") = "EdFi.Admin.DataAccess.UnitTests", "..\..\tests\EdFi.Admin.DataAccess.UnitTests\EdFi.Admin.DataAccess.UnitTests.csproj", "{7BEC38BB-C538-40C8-83BA-C45CE192A088}"
EndProject
Project("{9A19103F-16F7-4668-BE54-9A1E7A4F7556}") = "EdFi.Common", "..\EdFi.Common\EdFi.Common.csproj", "{92A9A0CD-0AE6-433D-9673-EB88E52D88C4}"
EndProject
Project("{9A19103F-16F7-4668-BE54-9A1E7A4F7556}") = "EdFi.Admin.DataAccess.IntegrationTests", "..\..\tests\EdFi.Admin.DataAccess.IntegrationTests\EdFi.Admin.DataAccess.IntegrationTests.csproj", "{DE3AD0EB-ECDF-47EB-AAE4-C4CA65674652}"
EndProject
Project("{2150E333-8FDC-42A3-9474-1A3956D46DE8}") = "Test Support", "Test Support", "{A0B2E4A0-067E-4558-9412-79A4EA5E5D30}"
EndProject
Project("{9A19103F-16F7-4668-BE54-9A1E7A4F7556}") = "EdFi.TestFixture", "..\..\tests\EdFi.TestFixture\EdFi.TestFixture.csproj", "{AF2CCF4F-21AA-4680-B2B9-2A96796933AE}"
EndProject
Global
	GlobalSection(SolutionConfigurationPlatforms) = preSolution
		Debug|Any CPU = Debug|Any CPU
		Release|Any CPU = Release|Any CPU
	EndGlobalSection
	GlobalSection(ProjectConfigurationPlatforms) = postSolution
		{D2A9D9A2-A4DB-4E65-82C3-C7E9F6DBA1E2}.Debug|Any CPU.ActiveCfg = Debug|Any CPU
		{D2A9D9A2-A4DB-4E65-82C3-C7E9F6DBA1E2}.Debug|Any CPU.Build.0 = Debug|Any CPU
		{D2A9D9A2-A4DB-4E65-82C3-C7E9F6DBA1E2}.Release|Any CPU.ActiveCfg = Release|Any CPU
		{D2A9D9A2-A4DB-4E65-82C3-C7E9F6DBA1E2}.Release|Any CPU.Build.0 = Release|Any CPU
		{7BEC38BB-C538-40C8-83BA-C45CE192A088}.Debug|Any CPU.ActiveCfg = Debug|Any CPU
		{7BEC38BB-C538-40C8-83BA-C45CE192A088}.Debug|Any CPU.Build.0 = Debug|Any CPU
		{7BEC38BB-C538-40C8-83BA-C45CE192A088}.Release|Any CPU.ActiveCfg = Release|Any CPU
		{7BEC38BB-C538-40C8-83BA-C45CE192A088}.Release|Any CPU.Build.0 = Release|Any CPU
		{92A9A0CD-0AE6-433D-9673-EB88E52D88C4}.Debug|Any CPU.ActiveCfg = Debug|Any CPU
		{92A9A0CD-0AE6-433D-9673-EB88E52D88C4}.Debug|Any CPU.Build.0 = Debug|Any CPU
		{92A9A0CD-0AE6-433D-9673-EB88E52D88C4}.Release|Any CPU.ActiveCfg = Release|Any CPU
		{92A9A0CD-0AE6-433D-9673-EB88E52D88C4}.Release|Any CPU.Build.0 = Release|Any CPU
		{DE3AD0EB-ECDF-47EB-AAE4-C4CA65674652}.Debug|Any CPU.ActiveCfg = Debug|Any CPU
		{DE3AD0EB-ECDF-47EB-AAE4-C4CA65674652}.Debug|Any CPU.Build.0 = Debug|Any CPU
		{DE3AD0EB-ECDF-47EB-AAE4-C4CA65674652}.Release|Any CPU.ActiveCfg = Release|Any CPU
		{DE3AD0EB-ECDF-47EB-AAE4-C4CA65674652}.Release|Any CPU.Build.0 = Release|Any CPU
		{AF2CCF4F-21AA-4680-B2B9-2A96796933AE}.Debug|Any CPU.ActiveCfg = Debug|Any CPU
		{AF2CCF4F-21AA-4680-B2B9-2A96796933AE}.Debug|Any CPU.Build.0 = Debug|Any CPU
		{AF2CCF4F-21AA-4680-B2B9-2A96796933AE}.Release|Any CPU.ActiveCfg = Release|Any CPU
		{AF2CCF4F-21AA-4680-B2B9-2A96796933AE}.Release|Any CPU.Build.0 = Release|Any CPU
	EndGlobalSection
	GlobalSection(SolutionProperties) = preSolution
		HideSolutionNode = FALSE
	EndGlobalSection
	GlobalSection(NestedProjects) = preSolution
		{AF2CCF4F-21AA-4680-B2B9-2A96796933AE} = {A0B2E4A0-067E-4558-9412-79A4EA5E5D30}
	EndGlobalSection
	GlobalSection(ExtensibilityGlobals) = postSolution
		SolutionGuid = {E7C6FBAA-92CE-4FEB-BFCC-F547FF6D40FD}
	EndGlobalSection
EndGlobal
