
Microsoft Visual Studio Solution File, Format Version 12.00
# Visual Studio Version 16
VisualStudioVersion = 16.0.29609.76
MinimumVisualStudioVersion = 16.0.0.0
Project("{9A19103F-16F7-4668-BE54-9A1E7A4F7556}") = "EdFi.Ods.CodeGen", "EdFi.Ods.CodeGen\EdFi.Ods.CodeGen.csproj", "{CA26E530-3F39-4314-AA73-60C99DB7661B}"
EndProject
Project("{9A19103F-16F7-4668-BE54-9A1E7A4F7556}") = "EdFi.Ods.CodeGen.Tests", "EdFi.Ods.CodeGen.Tests\EdFi.Ods.CodeGen.Tests.csproj", "{9ABFDC41-AC22-49FE-93BA-8E4EEC44B97C}"
EndProject
Project("{2150E333-8FDC-42A3-9474-1A3956D46DE8}") = "_Tests", "_Tests", "{4E45A485-D52E-442D-AF97-E5F371F3FCCC}"
EndProject
Project("{9A19103F-16F7-4668-BE54-9A1E7A4F7556}") = "EdFi.Ods.Common", "..\..\Application\EdFi.Ods.Common\EdFi.Ods.Common.csproj", "{499B084C-D905-47FB-B8A9-BFF715CCFF05}"
EndProject
Global
	GlobalSection(SolutionConfigurationPlatforms) = preSolution
		Debug|Any CPU = Debug|Any CPU
		Release|Any CPU = Release|Any CPU
	EndGlobalSection
	GlobalSection(ProjectConfigurationPlatforms) = postSolution
		{CA26E530-3F39-4314-AA73-60C99DB7661B}.Debug|Any CPU.ActiveCfg = Debug|Any CPU
		{CA26E530-3F39-4314-AA73-60C99DB7661B}.Debug|Any CPU.Build.0 = Debug|Any CPU
		{CA26E530-3F39-4314-AA73-60C99DB7661B}.Release|Any CPU.ActiveCfg = Release|Any CPU
		{CA26E530-3F39-4314-AA73-60C99DB7661B}.Release|Any CPU.Build.0 = Release|Any CPU
		{9ABFDC41-AC22-49FE-93BA-8E4EEC44B97C}.Debug|Any CPU.ActiveCfg = Debug|Any CPU
		{9ABFDC41-AC22-49FE-93BA-8E4EEC44B97C}.Debug|Any CPU.Build.0 = Debug|Any CPU
		{9ABFDC41-AC22-49FE-93BA-8E4EEC44B97C}.Release|Any CPU.ActiveCfg = Release|Any CPU
		{9ABFDC41-AC22-49FE-93BA-8E4EEC44B97C}.Release|Any CPU.Build.0 = Release|Any CPU
		{499B084C-D905-47FB-B8A9-BFF715CCFF05}.Debug|Any CPU.ActiveCfg = Debug|Any CPU
		{499B084C-D905-47FB-B8A9-BFF715CCFF05}.Debug|Any CPU.Build.0 = Debug|Any CPU
		{499B084C-D905-47FB-B8A9-BFF715CCFF05}.Release|Any CPU.ActiveCfg = Release|Any CPU
		{499B084C-D905-47FB-B8A9-BFF715CCFF05}.Release|Any CPU.Build.0 = Release|Any CPU
	EndGlobalSection
	GlobalSection(SolutionProperties) = preSolution
		HideSolutionNode = FALSE
	EndGlobalSection
	GlobalSection(NestedProjects) = preSolution
		{9ABFDC41-AC22-49FE-93BA-8E4EEC44B97C} = {4E45A485-D52E-442D-AF97-E5F371F3FCCC}
	EndGlobalSection
	GlobalSection(ExtensibilityGlobals) = postSolution
		SolutionGuid = {9719C1CA-9453-495C-B918-4EBCFF2C1CE8}
	EndGlobalSection
EndGlobal
