
Microsoft Visual Studio Solution File, Format Version 12.00
# Visual Studio Version 17
VisualStudioVersion = 17.8.34601.278
MinimumVisualStudioVersion = 10.0.40219.1
Project("{9A19103F-16F7-4668-BE54-9A1E7A4F7556}") = "EdFi.Security.DataAccess", "EdFi.Security.DataAccess.csproj", "{654BC538-5357-4A44-B8C4-1CD2E8081067}"
EndProject
Project("{9A19103F-16F7-4668-BE54-9A1E7A4F7556}") = "EdFi.Common", "..\EdFi.Common\EdFi.Common.csproj", "{7442E074-1395-4A2E-B9F5-A11894DB2BD4}"
EndProject
Project("{9A19103F-16F7-4668-BE54-9A1E7A4F7556}") = "EdFi.Security.DataAccess.UnitTests", "..\..\tests\EdFi.Security.DataAccess.UnitTests\EdFi.Security.DataAccess.UnitTests.csproj", "{C675AB6F-820F-422D-8A14-9E2B56142E0F}"
EndProject
Project("{9A19103F-16F7-4668-BE54-9A1E7A4F7556}") = "EdFi.Security.DataAccess.IntegrationTests", "..\..\tests\EdFi.Security.DataAccess.IntegrationTests\EdFi.Security.DataAccess.IntegrationTests.csproj", "{B3F94B81-8126-4AD5-BC9C-9BE1CDB14650}"
EndProject
Project("{2150E333-8FDC-42A3-9474-1A3956D46DE8}") = "Test Support", "Test Support", "{A0B2E4A0-067E-4558-9412-79A4EA5E5D30}"
EndProject
Project("{9A19103F-16F7-4668-BE54-9A1E7A4F7556}") = "EdFi.TestFixture", "..\..\tests\EdFi.TestFixture\EdFi.TestFixture.csproj", "{AF2CCF4F-21AA-4680-B2B9-2A96796933AE}"
EndProject
Global
	GlobalSection(SolutionConfigurationPlatforms) = preSolution
		Debug|Any CPU = Debug|Any CPU
		Release|Any CPU = Release|Any CPU
	EndGlobalSection
	GlobalSection(ProjectConfigurationPlatforms) = postSolution
		{654BC538-5357-4A44-B8C4-1CD2E8081067}.Debug|Any CPU.ActiveCfg = Debug|Any CPU
		{654BC538-5357-4A44-B8C4-1CD2E8081067}.Debug|Any CPU.Build.0 = Debug|Any CPU
		{654BC538-5357-4A44-B8C4-1CD2E8081067}.Release|Any CPU.ActiveCfg = Release|Any CPU
		{654BC538-5357-4A44-B8C4-1CD2E8081067}.Release|Any CPU.Build.0 = Release|Any CPU
		{7442E074-1395-4A2E-B9F5-A11894DB2BD4}.Debug|Any CPU.ActiveCfg = Debug|Any CPU
		{7442E074-1395-4A2E-B9F5-A11894DB2BD4}.Debug|Any CPU.Build.0 = Debug|Any CPU
		{7442E074-1395-4A2E-B9F5-A11894DB2BD4}.Release|Any CPU.ActiveCfg = Release|Any CPU
		{7442E074-1395-4A2E-B9F5-A11894DB2BD4}.Release|Any CPU.Build.0 = Release|Any CPU
		{C675AB6F-820F-422D-8A14-9E2B56142E0F}.Debug|Any CPU.ActiveCfg = Debug|Any CPU
		{C675AB6F-820F-422D-8A14-9E2B56142E0F}.Debug|Any CPU.Build.0 = Debug|Any CPU
		{C675AB6F-820F-422D-8A14-9E2B56142E0F}.Release|Any CPU.ActiveCfg = Release|Any CPU
		{C675AB6F-820F-422D-8A14-9E2B56142E0F}.Release|Any CPU.Build.0 = Release|Any CPU
		{B3F94B81-8126-4AD5-BC9C-9BE1CDB14650}.Debug|Any CPU.ActiveCfg = Debug|Any CPU
		{B3F94B81-8126-4AD5-BC9C-9BE1CDB14650}.Debug|Any CPU.Build.0 = Debug|Any CPU
		{B3F94B81-8126-4AD5-BC9C-9BE1CDB14650}.Release|Any CPU.ActiveCfg = Release|Any CPU
		{B3F94B81-8126-4AD5-BC9C-9BE1CDB14650}.Release|Any CPU.Build.0 = Release|Any CPU
		{AF2CCF4F-21AA-4680-B2B9-2A96796933AE}.Debug|Any CPU.ActiveCfg = Debug|Any CPU
		{AF2CCF4F-21AA-4680-B2B9-2A96796933AE}.Debug|Any CPU.Build.0 = Debug|Any CPU
		{AF2CCF4F-21AA-4680-B2B9-2A96796933AE}.Release|Any CPU.ActiveCfg = Release|Any CPU
		{AF2CCF4F-21AA-4680-B2B9-2A96796933AE}.Release|Any CPU.Build.0 = Release|Any CPU
	EndGlobalSection
	GlobalSection(SolutionProperties) = preSolution
		HideSolutionNode = FALSE
	EndGlobalSection
	GlobalSection(ExtensibilityGlobals) = postSolution
		SolutionGuid = {316F9F90-FA34-4E62-BE58-1BDAC275E205}
	EndGlobalSection
EndGlobal
