
Microsoft Visual Studio Solution File, Format Version 12.00
# Visual Studio Version 17
VisualStudioVersion = 17.1.32210.238
MinimumVisualStudioVersion = 10.0.40219.1
Project("{9A19103F-16F7-4668-BE54-9A1E7A4F7556}") = "EdFi.Ods.Api", "EdFi.Ods.Api.csproj", "{6727614E-8152-493B-B00E-9635612D9551}"
EndProject
Global
	GlobalSection(SolutionConfigurationPlatforms) = preSolution
		Debug|Any CPU = Debug|Any CPU
		Release|Any CPU = Release|Any CPU
	EndGlobalSection
	GlobalSection(ProjectConfigurationPlatforms) = postSolution
		{6727614E-8152-493B-B00E-9635612D9551}.Debug|Any CPU.ActiveCfg = Debug|Any CPU
		{6727614E-8152-493B-B00E-9635612D9551}.Debug|Any CPU.Build.0 = Debug|Any CPU
		{6727614E-8152-493B-B00E-9635612D9551}.Release|Any CPU.ActiveCfg = Release|Any CPU
		{6727614E-8152-493B-B00E-9635612D9551}.Release|Any CPU.Build.0 = Release|Any CPU
	EndGlobalSection
	GlobalSection(SolutionProperties) = preSolution
		HideSolutionNode = FALSE
	EndGlobalSection
	GlobalSection(ExtensibilityGlobals) = postSolution
		SolutionGuid = {24DC80C3-4BCB-4AF4-B0EF-F0F775CC9052}
	EndGlobalSection
EndGlobal
